
Microsoft Visual Studio Solution File, Format Version 12.00
# Visual Studio 2012
Project("{FAE04EC0-301F-11D3-BF4B-00C04F79EFBC}") = "ServiceDiscovery", "ServiceDiscovery\ServiceDiscovery.csproj", "{DEA76727-FE93-41CA-9A9D-F350C0ABF149}"
EndProject
Project("{FAE04EC0-301F-11D3-BF4B-00C04F79EFBC}") = "DataService", "DataService\DataService.csproj", "{A114C15D-142E-47BB-BF1B-605FFA217BDB}"
EndProject
Global
	GlobalSection(SolutionConfigurationPlatforms) = preSolution
		Debug|Any CPU = Debug|Any CPU
		Release|Any CPU = Release|Any CPU
	EndGlobalSection
	GlobalSection(ProjectConfigurationPlatforms) = postSolution
		{DEA76727-FE93-41CA-9A9D-F350C0ABF149}.Debug|Any CPU.ActiveCfg = Debug|Any CPU
		{DEA76727-FE93-41CA-9A9D-F350C0ABF149}.Debug|Any CPU.Build.0 = Debug|Any CPU
		{DEA76727-FE93-41CA-9A9D-F350C0ABF149}.Release|Any CPU.ActiveCfg = Release|Any CPU
		{DEA76727-FE93-41CA-9A9D-F350C0ABF149}.Release|Any CPU.Build.0 = Release|Any CPU
		{A114C15D-142E-47BB-BF1B-605FFA217BDB}.Debug|Any CPU.ActiveCfg = Debug|Any CPU
		{A114C15D-142E-47BB-BF1B-605FFA217BDB}.Debug|Any CPU.Build.0 = Debug|Any CPU
		{A114C15D-142E-47BB-BF1B-605FFA217BDB}.Release|Any CPU.ActiveCfg = Release|Any CPU
		{A114C15D-142E-47BB-BF1B-605FFA217BDB}.Release|Any CPU.Build.0 = Release|Any CPU
	EndGlobalSection
EndGlobal
